
Microsoft Visual Studio Solution File, Format Version 12.00
# Visual Studio Version 17
VisualStudioVersion = 17.11.35222.181
MinimumVisualStudioVersion = 10.0.40219.1
Project("{FAE04EC0-301F-11D3-BF4B-00C04F79EFBC}") = "Application_HocSinh", "Application_HocSinh\Application_HocSinh.csproj", "{40C904D5-C85A-417C-AF5C-FF8C4AC458EC}"
EndProject
Global
	GlobalSection(SolutionConfigurationPlatforms) = preSolution
		Debug|Any CPU = Debug|Any CPU
		Release|Any CPU = Release|Any CPU
	EndGlobalSection
	GlobalSection(ProjectConfigurationPlatforms) = postSolution
		{40C904D5-C85A-417C-AF5C-FF8C4AC458EC}.Debug|Any CPU.ActiveCfg = Debug|Any CPU
		{40C904D5-C85A-417C-AF5C-FF8C4AC458EC}.Debug|Any CPU.Build.0 = Debug|Any CPU
		{40C904D5-C85A-417C-AF5C-FF8C4AC458EC}.Release|Any CPU.ActiveCfg = Release|Any CPU
		{40C904D5-C85A-417C-AF5C-FF8C4AC458EC}.Release|Any CPU.Build.0 = Release|Any CPU
	EndGlobalSection
	GlobalSection(SolutionProperties) = preSolution
		HideSolutionNode = FALSE
	EndGlobalSection
	GlobalSection(ExtensibilityGlobals) = postSolution
		SolutionGuid = {1ADF82B8-FC1B-4C57-BEF7-696D39DA636A}
	EndGlobalSection
EndGlobal
